
Microsoft Visual Studio Solution File, Format Version 11.00
# Visual Studio 2010
Project("{FAE04EC0-301F-11D3-BF4B-00C04F79EFBC}") = "DACSculpture", "Assembly-CSharp.csproj", "{210E9018-D183-9AB8-0E2A-925B2242C9CB}"
EndProject
Global
	GlobalSection(SolutionConfigurationPlatforms) = preSolution
		Debug|Any CPU = Debug|Any CPU
		Release|Any CPU = Release|Any CPU
	EndGlobalSection
	GlobalSection(ProjectConfigurationPlatforms) = postSolution
		{210E9018-D183-9AB8-0E2A-925B2242C9CB}.Debug|Any CPU.ActiveCfg = Debug|Any CPU
		{210E9018-D183-9AB8-0E2A-925B2242C9CB}.Debug|Any CPU.Build.0 = Debug|Any CPU
		{210E9018-D183-9AB8-0E2A-925B2242C9CB}.Release|Any CPU.ActiveCfg = Release|Any CPU
		{210E9018-D183-9AB8-0E2A-925B2242C9CB}.Release|Any CPU.Build.0 = Release|Any CPU
	EndGlobalSection
	GlobalSection(SolutionProperties) = preSolution
		HideSolutionNode = FALSE
	EndGlobalSection
	GlobalSection(MonoDevelopProperties) = preSolution
		StartupItem = Assembly-CSharp.csproj
	EndGlobalSection
EndGlobal
